
Microsoft Visual Studio Solution File, Format Version 12.00
# Visual Studio Version 16
VisualStudioVersion = 16.0.30711.63
MinimumVisualStudioVersion = 10.0.40219.1
Project("{FAE04EC0-301F-11D3-BF4B-00C04F79EFBC}") = "NumericalSystem2", "NumericalSystem2\NumericalSystem2.csproj", "{1FAC9AED-FF65-4385-ABA6-13CF70429A68}"
EndProject
Global
	GlobalSection(SolutionConfigurationPlatforms) = preSolution
		Debug|Any CPU = Debug|Any CPU
		Release|Any CPU = Release|Any CPU
	EndGlobalSection
	GlobalSection(ProjectConfigurationPlatforms) = postSolution
		{1FAC9AED-FF65-4385-ABA6-13CF70429A68}.Debug|Any CPU.ActiveCfg = Debug|Any CPU
		{1FAC9AED-FF65-4385-ABA6-13CF70429A68}.Debug|Any CPU.Build.0 = Debug|Any CPU
		{1FAC9AED-FF65-4385-ABA6-13CF70429A68}.Release|Any CPU.ActiveCfg = Release|Any CPU
		{1FAC9AED-FF65-4385-ABA6-13CF70429A68}.Release|Any CPU.Build.0 = Release|Any CPU
	EndGlobalSection
	GlobalSection(SolutionProperties) = preSolution
		HideSolutionNode = FALSE
	EndGlobalSection
	GlobalSection(ExtensibilityGlobals) = postSolution
		SolutionGuid = {E3230BD7-C058-45F8-B916-9495AD2A6342}
	EndGlobalSection
EndGlobal
